
Microsoft Visual Studio Solution File, Format Version 12.00
# Visual Studio Version 16
VisualStudioVersion = 16.0.32630.194
MinimumVisualStudioVersion = 10.0.40219.1
Project("{FAE04EC0-301F-11D3-BF4B-00C04F79EFBC}") = "Pattern - Strategy", "Pattern - Strategy\Pattern - Strategy.csproj", "{55A77310-ADEF-4F53-8E77-024C6E672009}"
EndProject
Global
	GlobalSection(SolutionConfigurationPlatforms) = preSolution
		Debug|Any CPU = Debug|Any CPU
		Release|Any CPU = Release|Any CPU
	EndGlobalSection
	GlobalSection(ProjectConfigurationPlatforms) = postSolution
		{55A77310-ADEF-4F53-8E77-024C6E672009}.Debug|Any CPU.ActiveCfg = Debug|Any CPU
		{55A77310-ADEF-4F53-8E77-024C6E672009}.Debug|Any CPU.Build.0 = Debug|Any CPU
		{55A77310-ADEF-4F53-8E77-024C6E672009}.Release|Any CPU.ActiveCfg = Release|Any CPU
		{55A77310-ADEF-4F53-8E77-024C6E672009}.Release|Any CPU.Build.0 = Release|Any CPU
	EndGlobalSection
	GlobalSection(SolutionProperties) = preSolution
		HideSolutionNode = FALSE
	EndGlobalSection
	GlobalSection(ExtensibilityGlobals) = postSolution
		SolutionGuid = {1C965323-76C9-45D8-BD84-208BD42FDB12}
	EndGlobalSection
EndGlobal
